
Microsoft Visual Studio Solution File, Format Version 12.00
# Visual Studio Version 16
VisualStudioVersion = 16.0.28803.352
MinimumVisualStudioVersion = 10.0.40219.1
Project("{9A19103F-16F7-4668-BE54-9A1E7A4F7556}") = "ConstructiveSoftware.WebApi", "ConstructiveSoftware.WebApi\ConstructiveSoftware.WebApi.csproj", "{A1D234B7-CD84-4007-B4EB-5EDBEA6C180A}"
EndProject
Project("{9A19103F-16F7-4668-BE54-9A1E7A4F7556}") = "ConstructiveSoftware.Domain", "ConstructiveSoftware.Domain\ConstructiveSoftware.Domain.csproj", "{ACB9D3BF-9F94-4FF5-AC4C-B04C8CEECB05}"
EndProject
Project("{9A19103F-16F7-4668-BE54-9A1E7A4F7556}") = "ConstructiveSoftware.Services", "ConstructiveSoftware.Services\ConstructiveSoftware.Services.csproj", "{35E7F8C9-C765-497B-AC91-236F4FA4E39F}"
EndProject
Project("{9A19103F-16F7-4668-BE54-9A1E7A4F7556}") = "ConstructiveSoftware.Migrations", "ConstructiveSoftware.Migrations\ConstructiveSoftware.Migrations.csproj", "{05AF3958-9B5C-447B-B18D-8D8B682AB825}"
	ProjectSection(ProjectDependencies) = postProject
		{ACB9D3BF-9F94-4FF5-AC4C-B04C8CEECB05} = {ACB9D3BF-9F94-4FF5-AC4C-B04C8CEECB05}
	EndProjectSection
EndProject
Global
	GlobalSection(SolutionConfigurationPlatforms) = preSolution
		Debug|Any CPU = Debug|Any CPU
		Release|Any CPU = Release|Any CPU
	EndGlobalSection
	GlobalSection(ProjectConfigurationPlatforms) = postSolution
		{A1D234B7-CD84-4007-B4EB-5EDBEA6C180A}.Debug|Any CPU.ActiveCfg = Debug|Any CPU
		{A1D234B7-CD84-4007-B4EB-5EDBEA6C180A}.Debug|Any CPU.Build.0 = Debug|Any CPU
		{A1D234B7-CD84-4007-B4EB-5EDBEA6C180A}.Release|Any CPU.ActiveCfg = Release|Any CPU
		{A1D234B7-CD84-4007-B4EB-5EDBEA6C180A}.Release|Any CPU.Build.0 = Release|Any CPU
		{ACB9D3BF-9F94-4FF5-AC4C-B04C8CEECB05}.Debug|Any CPU.ActiveCfg = Debug|Any CPU
		{ACB9D3BF-9F94-4FF5-AC4C-B04C8CEECB05}.Debug|Any CPU.Build.0 = Debug|Any CPU
		{ACB9D3BF-9F94-4FF5-AC4C-B04C8CEECB05}.Release|Any CPU.ActiveCfg = Release|Any CPU
		{ACB9D3BF-9F94-4FF5-AC4C-B04C8CEECB05}.Release|Any CPU.Build.0 = Release|Any CPU
		{35E7F8C9-C765-497B-AC91-236F4FA4E39F}.Debug|Any CPU.ActiveCfg = Debug|Any CPU
		{35E7F8C9-C765-497B-AC91-236F4FA4E39F}.Debug|Any CPU.Build.0 = Debug|Any CPU
		{35E7F8C9-C765-497B-AC91-236F4FA4E39F}.Release|Any CPU.ActiveCfg = Release|Any CPU
		{35E7F8C9-C765-497B-AC91-236F4FA4E39F}.Release|Any CPU.Build.0 = Release|Any CPU
		{05AF3958-9B5C-447B-B18D-8D8B682AB825}.Debug|Any CPU.ActiveCfg = Debug|Any CPU
		{05AF3958-9B5C-447B-B18D-8D8B682AB825}.Debug|Any CPU.Build.0 = Debug|Any CPU
		{05AF3958-9B5C-447B-B18D-8D8B682AB825}.Release|Any CPU.ActiveCfg = Release|Any CPU
		{05AF3958-9B5C-447B-B18D-8D8B682AB825}.Release|Any CPU.Build.0 = Release|Any CPU
	EndGlobalSection
	GlobalSection(SolutionProperties) = preSolution
		HideSolutionNode = FALSE
	EndGlobalSection
	GlobalSection(ExtensibilityGlobals) = postSolution
		SolutionGuid = {94D5BB50-CE75-4A06-BF2D-2ACFAFA8C39A}
	EndGlobalSection
EndGlobal
